
Microsoft Visual Studio Solution File, Format Version 12.00
# Visual Studio Version 16
VisualStudioVersion = 16.0.31424.327
MinimumVisualStudioVersion = 10.0.40219.1
Project("{888888A0-9F3D-457C-B088-3A5042F75D52}") = "Puissance4", "Puissance4\Puissance4.pyproj", "{E6186B3D-F129-4263-B0B5-D2F396471ACC}"
EndProject
Global
	GlobalSection(SolutionConfigurationPlatforms) = preSolution
		Debug|Any CPU = Debug|Any CPU
		Release|Any CPU = Release|Any CPU
	EndGlobalSection
	GlobalSection(ProjectConfigurationPlatforms) = postSolution
		{E6186B3D-F129-4263-B0B5-D2F396471ACC}.Debug|Any CPU.ActiveCfg = Debug|Any CPU
		{E6186B3D-F129-4263-B0B5-D2F396471ACC}.Release|Any CPU.ActiveCfg = Release|Any CPU
	EndGlobalSection
	GlobalSection(SolutionProperties) = preSolution
		HideSolutionNode = FALSE
	EndGlobalSection
	GlobalSection(ExtensibilityGlobals) = postSolution
		SolutionGuid = {2C9113A0-2C33-46C3-8BBF-F2FA8EA705F3}
	EndGlobalSection
EndGlobal
